{
    "version": 3,
    "terraform_version": "0.11.11",
    "serial": 2,
    "lineage": "5f67737e-e3a9-985a-6683-7d2f90917d4f",
    "modules": [
        {
            "path": [
                "root"
            ],
            "outputs": {},
            "resources": {
                "aws_instance.firstdemo": {
                    "type": "aws_instance",
                    "depends_on": [],
                    "primary": {
                        "id": "i-0c5faeaaaa4c5b36a",
                        "attributes": {
                            "ami": "ami-922914f7",
                            "arn": "arn:aws:ec2:us-east-2:104630223996:instance/i-0c5faeaaaa4c5b36a",
                            "associate_public_ip_address": "true",
                            "availability_zone": "us-east-2c",
                            "cpu_core_count": "1",
                            "cpu_threads_per_core": "1",
                            "credit_specification.#": "1",
                            "credit_specification.0.cpu_credits": "standard",
                            "disable_api_termination": "false",
                            "ebs_block_device.#": "0",
                            "ebs_optimized": "false",
                            "ephemeral_block_device.#": "0",
                            "get_password_data": "false",
                            "iam_instance_profile": "",
                            "id": "i-0c5faeaaaa4c5b36a",
                            "instance_state": "running",
                            "instance_type": "t2.micro",
                            "ipv6_addresses.#": "0",
                            "key_name": "",
                            "monitoring": "false",
                            "network_interface.#": "0",
                            "network_interface_id": "eni-09c5f84f8ce20c790",
                            "password_data": "",
                            "placement_group": "",
                            "primary_network_interface_id": "eni-09c5f84f8ce20c790",
                            "private_dns": "ip-172-31-34-90.us-east-2.compute.internal",
                            "private_ip": "172.31.34.90",
                            "public_dns": "ec2-13-59-106-29.us-east-2.compute.amazonaws.com",
                            "public_ip": "13.59.106.29",
                            "root_block_device.#": "1",
                            "root_block_device.0.delete_on_termination": "true",
                            "root_block_device.0.iops": "100",
                            "root_block_device.0.volume_id": "vol-01e06cbe2ae66dc1b",
                            "root_block_device.0.volume_size": "8",
                            "root_block_device.0.volume_type": "gp2",
                            "security_groups.#": "1",
                            "security_groups.3814588639": "default",
                            "source_dest_check": "true",
                            "subnet_id": "subnet-eb599ba7",
                            "tags.%": "1",
                            "tags.Name": "demoinstance",
                            "tenancy": "default",
                            "volume_tags.%": "0",
                            "vpc_security_group_ids.#": "1",
                            "vpc_security_group_ids.1967201391": "sg-5427e538"
                        },
                        "meta": {
                            "e2bfb730-ecaa-11e6-8f88-34363bc7c4c0": {
                                "create": 600000000000,
                                "delete": 1200000000000,
                                "update": 600000000000
                            },
                            "schema_version": "1"
                        },
                        "tainted": false
                    },
                    "deposed": [],
                    "provider": "provider.aws"
                }
            },
            "depends_on": []
        }
    ]
}
